
Microsoft Visual Studio Solution File, Format Version 12.00
# Visual Studio Version 17
VisualStudioVersion = 17.10.34928.147
MinimumVisualStudioVersion = 10.0.40219.1
Project("{FAE04EC0-301F-11D3-BF4B-00C04F79EFBC}") = "BD.Extensions.Configuration.AWS.SecretsManager", "BD.Extensions.Configuration.AWS.SecretsManager\BD.Extensions.Configuration.AWS.SecretsManager.csproj", "{7752B6BE-E7AA-4FB6-8B07-B59CBDD457FB}"
EndProject
Project("{2150E333-8FDC-42A3-9474-1A3956D46DE8}") = "Example", "Example", "{AF648821-0C68-4CE6-84A7-33E78DE3B548}"
EndProject
Project("{FAE04EC0-301F-11D3-BF4B-00C04F79EFBC}") = "Example", "Example\Example.csproj", "{9108E56D-2B3C-4C4F-B504-510E40AB3BFB}"
EndProject
Global
	GlobalSection(SolutionConfigurationPlatforms) = preSolution
		Debug|Any CPU = Debug|Any CPU
		Release|Any CPU = Release|Any CPU
	EndGlobalSection
	GlobalSection(ProjectConfigurationPlatforms) = postSolution
		{7752B6BE-E7AA-4FB6-8B07-B59CBDD457FB}.Debug|Any CPU.ActiveCfg = Debug|Any CPU
		{7752B6BE-E7AA-4FB6-8B07-B59CBDD457FB}.Debug|Any CPU.Build.0 = Debug|Any CPU
		{7752B6BE-E7AA-4FB6-8B07-B59CBDD457FB}.Release|Any CPU.ActiveCfg = Release|Any CPU
		{7752B6BE-E7AA-4FB6-8B07-B59CBDD457FB}.Release|Any CPU.Build.0 = Release|Any CPU
		{9108E56D-2B3C-4C4F-B504-510E40AB3BFB}.Debug|Any CPU.ActiveCfg = Debug|Any CPU
		{9108E56D-2B3C-4C4F-B504-510E40AB3BFB}.Debug|Any CPU.Build.0 = Debug|Any CPU
		{9108E56D-2B3C-4C4F-B504-510E40AB3BFB}.Release|Any CPU.ActiveCfg = Release|Any CPU
		{9108E56D-2B3C-4C4F-B504-510E40AB3BFB}.Release|Any CPU.Build.0 = Release|Any CPU
	EndGlobalSection
	GlobalSection(SolutionProperties) = preSolution
		HideSolutionNode = FALSE
	EndGlobalSection
	GlobalSection(NestedProjects) = preSolution
		{9108E56D-2B3C-4C4F-B504-510E40AB3BFB} = {AF648821-0C68-4CE6-84A7-33E78DE3B548}
	EndGlobalSection
	GlobalSection(ExtensibilityGlobals) = postSolution
		SolutionGuid = {6225BE3D-0F9F-4C59-A020-81BE3E36C4A9}
	EndGlobalSection
EndGlobal
